// !$*UTF8*$!
{
	archiveVersion = 1;
	classes = {
	};
	objectVersion = 48;
	objects = {

/* Begin PBXBuildFile section */
		829A9B36F448FA7774332CE4 /* Pods_Flix_demo.framework in Frameworks */ = {isa = PBXBuildFile; fileRef = 16D99691543DA1AB0BFE093A /* Pods_Flix_demo.framework */; };
		F70AE25F1FF55BB300EFC8C6 /* DetailViewController.swift in Sources */ = {isa = PBXBuildFile; fileRef = F70AE25E1FF55BB300EFC8C6 /* DetailViewController.swift */; };
		F70AE2611FF5631C00EFC8C6 /* PosterCell.swift in Sources */ = {isa = PBXBuildFile; fileRef = F70AE2601FF5631C00EFC8C6 /* PosterCell.swift */; };
		F70AE2631FF5635A00EFC8C6 /* SuperHeroViewController.swift in Sources */ = {isa = PBXBuildFile; fileRef = F70AE2621FF5635A00EFC8C6 /* SuperHeroViewController.swift */; };
		F7CC40D51FF440E000C5B8A3 /* AppDelegate.swift in Sources */ = {isa = PBXBuildFile; fileRef = F7CC40D41FF440E000C5B8A3 /* AppDelegate.swift */; };
		F7CC40DA1FF440E000C5B8A3 /* Main.storyboard in Resources */ = {isa = PBXBuildFile; fileRef = F7CC40D81FF440E000C5B8A3 /* Main.storyboard */; };
		F7CC40DC1FF440E000C5B8A3 /* Assets.xcassets in Resources */ = {isa = PBXBuildFile; fileRef = F7CC40DB1FF440E000C5B8A3 /* Assets.xcassets */; };
		F7CC40DF1FF440E000C5B8A3 /* LaunchScreen.storyboard in Resources */ = {isa = PBXBuildFile; fileRef = F7CC40DD1FF440E000C5B8A3 /* LaunchScreen.storyboard */; };
		F7CC40E71FF4423300C5B8A3 /* README.md in Resources */ = {isa = PBXBuildFile; fileRef = F7CC40E61FF4423300C5B8A3 /* README.md */; };
		F7CC40E91FF4482900C5B8A3 /* NowPlayingViewController.swift in Sources */ = {isa = PBXBuildFile; fileRef = F7CC40E81FF4482900C5B8A3 /* NowPlayingViewController.swift */; };
		F7CC40EB1FF4507400C5B8A3 /* MovieCell.swift in Sources */ = {isa = PBXBuildFile; fileRef = F7CC40EA1FF4507400C5B8A3 /* MovieCell.swift */; };
/* End PBXBuildFile section */

/* Begin PBXFileReference section */
		16D99691543DA1AB0BFE093A /* Pods_Flix_demo.framework */ = {isa = PBXFileReference; explicitFileType = wrapper.framework; includeInIndex = 0; path = Pods_Flix_demo.framework; sourceTree = BUILT_PRODUCTS_DIR; };
		2FC1F79EDFBA225202DBC93E /* Pods-Flix_demo.release.xcconfig */ = {isa = PBXFileReference; includeInIndex = 1; lastKnownFileType = text.xcconfig; name = "Pods-Flix_demo.release.xcconfig"; path = "Pods/Target Support Files/Pods-Flix_demo/Pods-Flix_demo.release.xcconfig"; sourceTree = "<group>"; };
		D4D65908C606A0AF00F89D85 /* Pods-Flix_demo.debug.xcconfig */ = {isa = PBXFileReference; includeInIndex = 1; lastKnownFileType = text.xcconfig; name = "Pods-Flix_demo.debug.xcconfig"; path = "Pods/Target Support Files/Pods-Flix_demo/Pods-Flix_demo.debug.xcconfig"; sourceTree = "<group>"; };
		F70AE25E1FF55BB300EFC8C6 /* DetailViewController.swift */ = {isa = PBXFileReference; lastKnownFileType = sourcecode.swift; path = DetailViewController.swift; sourceTree = "<group>"; };
		F70AE2601FF5631C00EFC8C6 /* PosterCell.swift */ = {isa = PBXFileReference; lastKnownFileType = sourcecode.swift; path = PosterCell.swift; sourceTree = "<group>"; };
		F70AE2621FF5635A00EFC8C6 /* SuperHeroViewController.swift */ = {isa = PBXFileReference; lastKnownFileType = sourcecode.swift; path = SuperHeroViewController.swift; sourceTree = "<group>"; };
		F7CC40D11FF440E000C5B8A3 /* Flix_demo.app */ = {isa = PBXFileReference; explicitFileType = wrapper.application; includeInIndex = 0; path = Flix_demo.app; sourceTree = BUILT_PRODUCTS_DIR; };
		F7CC40D41FF440E000C5B8A3 /* AppDelegate.swift */ = {isa = PBXFileReference; lastKnownFileType = sourcecode.swift; path = AppDelegate.swift; sourceTree = "<group>"; };
		F7CC40D91FF440E000C5B8A3 /* Base */ = {isa = PBXFileReference; lastKnownFileType = file.storyboard; name = Base; path = Base.lproj/Main.storyboard; sourceTree = "<group>"; };
		F7CC40DB1FF440E000C5B8A3 /* Assets.xcassets */ = {isa = PBXFileReference; lastKnownFileType = folder.assetcatalog; path = Assets.xcassets; sourceTree = "<group>"; };
		F7CC40DE1FF440E000C5B8A3 /* Base */ = {isa = PBXFileReference; lastKnownFileType = file.storyboard; name = Base; path = Base.lproj/LaunchScreen.storyboard; sourceTree = "<group>"; };
		F7CC40E01FF440E000C5B8A3 /* Info.plist */ = {isa = PBXFileReference; lastKnownFileType = text.plist.xml; path = Info.plist; sourceTree = "<group>"; };
		F7CC40E61FF4423300C5B8A3 /* README.md */ = {isa = PBXFileReference; fileEncoding = 4; lastKnownFileType = net.daringfireball.markdown; path = README.md; sourceTree = "<group>"; };
		F7CC40E81FF4482900C5B8A3 /* NowPlayingViewController.swift */ = {isa = PBXFileReference; lastKnownFileType = sourcecode.swift; path = NowPlayingViewController.swift; sourceTree = "<group>"; };
		F7CC40EA1FF4507400C5B8A3 /* MovieCell.swift */ = {isa = PBXFileReference; lastKnownFileType = sourcecode.swift; path = MovieCell.swift; sourceTree = "<group>"; };
/* End PBXFileReference section */

/* Begin PBXFrameworksBuildPhase section */
		F7CC40CE1FF440E000C5B8A3 /* Frameworks */ = {
			isa = PBXFrameworksBuildPhase;
			buildActionMask = 2147483647;
			files = (
				829A9B36F448FA7774332CE4 /* Pods_Flix_demo.framework in Frameworks */,
			);
			runOnlyForDeploymentPostprocessing = 0;
		};
/* End PBXFrameworksBuildPhase section */

/* Begin PBXGroup section */
		20C157B27DC6860CD50389B3 /* Frameworks */ = {
			isa = PBXGroup;
			children = (
				16D99691543DA1AB0BFE093A /* Pods_Flix_demo.framework */,
			);
			name = Frameworks;
			sourceTree = "<group>";
		};
		A4CC4A2B092BFA194D5FA426 /* Pods */ = {
			isa = PBXGroup;
			children = (
				D4D65908C606A0AF00F89D85 /* Pods-Flix_demo.debug.xcconfig */,
				2FC1F79EDFBA225202DBC93E /* Pods-Flix_demo.release.xcconfig */,
			);
			name = Pods;
			sourceTree = "<group>";
		};
		F70AE25C1FF55B7100EFC8C6 /* ViewController */ = {
			isa = PBXGroup;
			children = (
				F7CC40E81FF4482900C5B8A3 /* NowPlayingViewController.swift */,
				F70AE25E1FF55BB300EFC8C6 /* DetailViewController.swift */,
				F70AE2621FF5635A00EFC8C6 /* SuperHeroViewController.swift */,
			);
			path = ViewController;
			sourceTree = "<group>";
		};
		F70AE25D1FF55B8900EFC8C6 /* Views */ = {
			isa = PBXGroup;
			children = (
				F7CC40EA1FF4507400C5B8A3 /* MovieCell.swift */,
				F70AE2601FF5631C00EFC8C6 /* PosterCell.swift */,
			);
			path = Views;
			sourceTree = "<group>";
		};
		F7CC40C81FF440E000C5B8A3 = {
			isa = PBXGroup;
			children = (
				F7CC40E61FF4423300C5B8A3 /* README.md */,
				F7CC40D31FF440E000C5B8A3 /* Flix_demo */,
				F7CC40D21FF440E000C5B8A3 /* Products */,
				A4CC4A2B092BFA194D5FA426 /* Pods */,
				20C157B27DC6860CD50389B3 /* Frameworks */,
			);
			sourceTree = "<group>";
		};
		F7CC40D21FF440E000C5B8A3 /* Products */ = {
			isa = PBXGroup;
			children = (
				F7CC40D11FF440E000C5B8A3 /* Flix_demo.app */,
			);
			name = Products;
			sourceTree = "<group>";
		};
		F7CC40D31FF440E000C5B8A3 /* Flix_demo */ = {
			isa = PBXGroup;
			children = (
				F70AE25D1FF55B8900EFC8C6 /* Views */,
				F70AE25C1FF55B7100EFC8C6 /* ViewController */,
				F7CC40D41FF440E000C5B8A3 /* AppDelegate.swift */,
				F7CC40D81FF440E000C5B8A3 /* Main.storyboard */,
				F7CC40DB1FF440E000C5B8A3 /* Assets.xcassets */,
				F7CC40DD1FF440E000C5B8A3 /* LaunchScreen.storyboard */,
				F7CC40E01FF440E000C5B8A3 /* Info.plist */,
			);
			path = Flix_demo;
			sourceTree = "<group>";
		};
/* End PBXGroup section */

/* Begin PBXNativeTarget section */
		F7CC40D01FF440E000C5B8A3 /* Flix_demo */ = {
			isa = PBXNativeTarget;
			buildConfigurationList = F7CC40E31FF440E000C5B8A3 /* Build configuration list for PBXNativeTarget "Flix_demo" */;
			buildPhases = (
				C17BFCC0FF879498F0A0E6C6 /* [CP] Check Pods Manifest.lock */,
				F7CC40CD1FF440E000C5B8A3 /* Sources */,
				F7CC40CE1FF440E000C5B8A3 /* Frameworks */,
				F7CC40CF1FF440E000C5B8A3 /* Resources */,
				626F82FF0A205E84A0A9183E /* [CP] Embed Pods Frameworks */,
				281329CE81F3B1944474A9B7 /* [CP] Copy Pods Resources */,
			);
			buildRules = (
			);
			dependencies = (
			);
			name = Flix_demo;
			productName = Flix_demo;
			productReference = F7CC40D11FF440E000C5B8A3 /* Flix_demo.app */;
			productType = "com.apple.product-type.application";
		};
/* End PBXNativeTarget section */

/* Begin PBXProject section */
		F7CC40C91FF440E000C5B8A3 /* Project object */ = {
			isa = PBXProject;
			attributes = {
				LastSwiftUpdateCheck = 0920;
				LastUpgradeCheck = 0920;
				ORGANIZATIONNAME = "Eduardo Carrillo";
				TargetAttributes = {
					F7CC40D01FF440E000C5B8A3 = {
						CreatedOnToolsVersion = 9.2;
						ProvisioningStyle = Automatic;
					};
				};
			};
			buildConfigurationList = F7CC40CC1FF440E000C5B8A3 /* Build configuration list for PBXProject "Flix_demo" */;
			compatibilityVersion = "Xcode 8.0";
			developmentRegion = en;
			hasScannedForEncodings = 0;
			knownRegions = (
				en,
				Base,
			);
			mainGroup = F7CC40C81FF440E000C5B8A3;
			productRefGroup = F7CC40D21FF440E000C5B8A3 /* Products */;
			projectDirPath = "";
			projectRoot = "";
			targets = (
				F7CC40D01FF440E000C5B8A3 /* Flix_demo */,
			);
		};
/* End PBXProject section */

/* Begin PBXResourcesBuildPhase section */
		F7CC40CF1FF440E000C5B8A3 /* Resources */ = {
			isa = PBXResourcesBuildPhase;
			buildActionMask = 2147483647;
			files = (
				F7CC40DF1FF440E000C5B8A3 /* LaunchScreen.storyboard in Resources */,
				F7CC40DC1FF440E000C5B8A3 /* Assets.xcassets in Resources */,
				F7CC40E71FF4423300C5B8A3 /* README.md in Resources */,
				F7CC40DA1FF440E000C5B8A3 /* Main.storyboard in Resources */,
			);
			runOnlyForDeploymentPostprocessing = 0;
		};
/* End PBXResourcesBuildPhase section */

/* Begin PBXShellScriptBuildPhase section */
		281329CE81F3B1944474A9B7 /* [CP] Copy Pods Resources */ = {
			isa = PBXShellScriptBuildPhase;
			buildActionMask = 2147483647;
			files = (
			);
			inputPaths = (
			);
			name = "[CP] Copy Pods Resources";
			outputPaths = (
			);
			runOnlyForDeploymentPostprocessing = 0;
			shellPath = /bin/sh;
			shellScript = "\"${SRCROOT}/Pods/Target Support Files/Pods-Flix_demo/Pods-Flix_demo-resources.sh\"\n";
			showEnvVarsInLog = 0;
		};
		626F82FF0A205E84A0A9183E /* [CP] Embed Pods Frameworks */ = {
			isa = PBXShellScriptBuildPhase;
			buildActionMask = 2147483647;
			files = (
			);
			inputPaths = (
				"${SRCROOT}/Pods/Target Support Files/Pods-Flix_demo/Pods-Flix_demo-frameworks.sh",
				"${BUILT_PRODUCTS_DIR}/Alamofire/Alamofire.framework",
				"${BUILT_PRODUCTS_DIR}/AlamofireImage/AlamofireImage.framework",
			);
			name = "[CP] Embed Pods Frameworks";
			outputPaths = (
				"${TARGET_BUILD_DIR}/${FRAMEWORKS_FOLDER_PATH}/Alamofire.framework",
				"${TARGET_BUILD_DIR}/${FRAMEWORKS_FOLDER_PATH}/AlamofireImage.framework",
			);
			runOnlyForDeploymentPostprocessing = 0;
			shellPath = /bin/sh;
			shellScript = "\"${SRCROOT}/Pods/Target Support Files/Pods-Flix_demo/Pods-Flix_demo-frameworks.sh\"\n";
			showEnvVarsInLog = 0;
		};
		C17BFCC0FF879498F0A0E6C6 /* [CP] Check Pods Manifest.lock */ = {
			isa = PBXShellScriptBuildPhase;
			buildActionMask = 2147483647;
			files = (
			);
			inputPaths = (
				"${PODS_PODFILE_DIR_PATH}/Podfile.lock",
				"${PODS_ROOT}/Manifest.lock",
			);
			name = "[CP] Check Pods Manifest.lock";
			outputPaths = (
				"$(DERIVED_FILE_DIR)/Pods-Flix_demo-checkManifestLockResult.txt",
			);
			runOnlyForDeploymentPostprocessing = 0;
			shellPath = /bin/sh;
			shellScript = "diff \"${PODS_PODFILE_DIR_PATH}/Podfile.lock\" \"${PODS_ROOT}/Manifest.lock\" > /dev/null\nif [ $? != 0 ] ; then\n    # print error to STDERR\n    echo \"error: The sandbox is not in sync with the Podfile.lock. Run 'pod install' or update your CocoaPods installation.\" >&2\n    exit 1\nfi\n# This output is used by Xcode 'outputs' to avoid re-running this script phase.\necho \"SUCCESS\" > \"${SCRIPT_OUTPUT_FILE_0}\"\n";
			showEnvVarsInLog = 0;
		};
/* End PBXShellScriptBuildPhase section */

/* Begin PBXSourcesBuildPhase section */
		F7CC40CD1FF440E000C5B8A3 /* Sources */ = {
			isa = PBXSourcesBuildPhase;
			buildActionMask = 2147483647;
			files = (
				F70AE2631FF5635A00EFC8C6 /* SuperHeroViewController.swift in Sources */,
				F7CC40E91FF4482900C5B8A3 /* NowPlayingViewController.swift in Sources */,
				F70AE2611FF5631C00EFC8C6 /* PosterCell.swift in Sources */,
				F7CC40D51FF440E000C5B8A3 /* AppDelegate.swift in Sources */,
				F7CC40EB1FF4507400C5B8A3 /* MovieCell.swift in Sources */,
				F70AE25F1FF55BB300EFC8C6 /* DetailViewController.swift in Sources */,
			);
			runOnlyForDeploymentPostprocessing = 0;
		};
/* End PBXSourcesBuildPhase section */

/* Begin PBXVariantGroup section */
		F7CC40D81FF440E000C5B8A3 /* Main.storyboard */ = {
			isa = PBXVariantGroup;
			children = (
				F7CC40D91FF440E000C5B8A3 /* Base */,
			);
			name = Main.storyboard;
			sourceTree = "<group>";
		};
		F7CC40DD1FF440E000C5B8A3 /* LaunchScreen.storyboard */ = {
			isa = PBXVariantGroup;
			children = (
				F7CC40DE1FF440E000C5B8A3 /* Base */,
			);
			name = LaunchScreen.storyboard;
			sourceTree = "<group>";
		};
/* End PBXVariantGroup section */

/* Begin XCBuildConfiguration section */
		F7CC40E11FF440E000C5B8A3 /* Debug */ = {
			isa = XCBuildConfiguration;
			buildSettings = {
				ALWAYS_SEARCH_USER_PATHS = NO;
				CLANG_ANALYZER_NONNULL = YES;
				CLANG_ANALYZER_NUMBER_OBJECT_CONVERSION = YES_AGGRESSIVE;
				CLANG_CXX_LANGUAGE_STANDARD = "gnu++14";
				CLANG_CXX_LIBRARY = "libc++";
				CLANG_ENABLE_MODULES = YES;
				CLANG_ENABLE_OBJC_ARC = YES;
				CLANG_WARN_BLOCK_CAPTURE_AUTORELEASING = YES;
				CLANG_WARN_BOOL_CONVERSION = YES;
				CLANG_WARN_COMMA = YES;
				CLANG_WARN_CONSTANT_CONVERSION = YES;
				CLANG_WARN_DIRECT_OBJC_ISA_USAGE = YES_ERROR;
				CLANG_WARN_DOCUMENTATION_COMMENTS = YES;
				CLANG_WARN_EMPTY_BODY = YES;
				CLANG_WARN_ENUM_CONVERSION = YES;
				CLANG_WARN_INFINITE_RECURSION = YES;
				CLANG_WARN_INT_CONVERSION = YES;
				CLANG_WARN_NON_LITERAL_NULL_CONVERSION = YES;
				CLANG_WARN_OBJC_LITERAL_CONVERSION = YES;
				CLANG_WARN_OBJC_ROOT_CLASS = YES_ERROR;
				CLANG_WARN_RANGE_LOOP_ANALYSIS = YES;
				CLANG_WARN_STRICT_PROTOTYPES = YES;
				CLANG_WARN_SUSPICIOUS_MOVE = YES;
				CLANG_WARN_UNGUARDED_AVAILABILITY = YES_AGGRESSIVE;
				CLANG_WARN_UNREACHABLE_CODE = YES;
				CLANG_WARN__DUPLICATE_METHOD_MATCH = YES;
				CODE_SIGN_IDENTITY = "iPhone Developer";
				COPY_PHASE_STRIP = NO;
				DEBUG_INFORMATION_FORMAT = dwarf;
				ENABLE_STRICT_OBJC_MSGSEND = YES;
				ENABLE_TESTABILITY = YES;
				GCC_C_LANGUAGE_STANDARD = gnu11;
				GCC_DYNAMIC_NO_PIC = NO;
				GCC_NO_COMMON_BLOCKS = YES;
				GCC_OPTIMIZATION_LEVEL = 0;
				GCC_PREPROCESSOR_DEFINITIONS = (
					"DEBUG=1",
					"$(inherited)",
				);
				GCC_WARN_64_TO_32_BIT_CONVERSION = YES;
				GCC_WARN_ABOUT_RETURN_TYPE = YES_ERROR;
				GCC_WARN_UNDECLARED_SELECTOR = YES;
				GCC_WARN_UNINITIALIZED_AUTOS = YES_AGGRESSIVE;
				GCC_WARN_UNUSED_FUNCTION = YES;
				GCC_WARN_UNUSED_VARIABLE = YES;
				IPHONEOS_DEPLOYMENT_TARGET = 11.2;
				MTL_ENABLE_DEBUG_INFO = YES;
				ONLY_ACTIVE_ARCH = YES;
				SDKROOT = iphoneos;
				SWIFT_ACTIVE_COMPILATION_CONDITIONS = DEBUG;
				SWIFT_OPTIMIZATION_LEVEL = "-Onone";
			};
			name = Debug;
		};
		F7CC40E21FF440E000C5B8A3 /* Release */ = {
			isa = XCBuildConfiguration;
			buildSettings = {
				ALWAYS_SEARCH_USER_PATHS = NO;
				CLANG_ANALYZER_NONNULL = YES;
				CLANG_ANALYZER_NUMBER_OBJECT_CONVERSION = YES_AGGRESSIVE;
				CLANG_CXX_LANGUAGE_STANDARD = "gnu++14";
				CLANG_CXX_LIBRARY = "libc++";
				CLANG_ENABLE_MODULES = YES;
				CLANG_ENABLE_OBJC_ARC = YES;
				CLANG_WARN_BLOCK_CAPTURE_AUTORELEASING = YES;
				CLANG_WARN_BOOL_CONVERSION = YES;
				CLANG_WARN_COMMA = YES;
				CLANG_WARN_CONSTANT_CONVERSION = YES;
				CLANG_WARN_DIRECT_OBJC_ISA_USAGE = YES_ERROR;
				CLANG_WARN_DOCUMENTATION_COMMENTS = YES;
				CLANG_WARN_EMPTY_BODY = YES;
				CLANG_WARN_ENUM_CONVERSION = YES;
				CLANG_WARN_INFINITE_RECURSION = YES;
				CLANG_WARN_INT_CONVERSION = YES;
				CLANG_WARN_NON_LITERAL_NULL_CONVERSION = YES;
				CLANG_WARN_OBJC_LITERAL_CONVERSION = YES;
				CLANG_WARN_OBJC_ROOT_CLASS = YES_ERROR;
				CLANG_WARN_RANGE_LOOP_ANALYSIS = YES;
				CLANG_WARN_STRICT_PROTOTYPES = YES;
				CLANG_WARN_SUSPICIOUS_MOVE = YES;
				CLANG_WARN_UNGUARDED_AVAILABILITY = YES_AGGRESSIVE;
				CLANG_WARN_UNREACHABLE_CODE = YES;
				CLANG_WARN__DUPLICATE_METHOD_MATCH = YES;
				CODE_SIGN_IDENTITY = "iPhone Developer";
				COPY_PHASE_STRIP = NO;
				DEBUG_INFORMATION_FORMAT = "dwarf-with-dsym";
				ENABLE_NS_ASSERTIONS = NO;
				ENABLE_STRICT_OBJC_MSGSEND = YES;
				GCC_C_LANGUAGE_STANDARD = gnu11;
				GCC_NO_COMMON_BLOCKS = YES;
				GCC_WARN_64_TO_32_BIT_CONVERSION = YES;
				GCC_WARN_ABOUT_RETURN_TYPE = YES_ERROR;
				GCC_WARN_UNDECLARED_SELECTOR = YES;
				GCC_WARN_UNINITIALIZED_AUTOS = YES_AGGRESSIVE;
				GCC_WARN_UNUSED_FUNCTION = YES;
				GCC_WARN_UNUSED_VARIABLE = YES;
				IPHONEOS_DEPLOYMENT_TARGET = 11.2;
				MTL_ENABLE_DEBUG_INFO = NO;
				SDKROOT = iphoneos;
				SWIFT_OPTIMIZATION_LEVEL = "-Owholemodule";
				VALIDATE_PRODUCT = YES;
			};
			name = Release;
		};
		F7CC40E41FF440E000C5B8A3 /* Debug */ = {
			isa = XCBuildConfiguration;
			baseConfigurationReference = D4D65908C606A0AF00F89D85 /* Pods-Flix_demo.debug.xcconfig */;
			buildSettings = {
				ASSETCATALOG_COMPILER_APPICON_NAME = AppIcon;
				CODE_SIGN_STYLE = Automatic;
				INFOPLIST_FILE = Flix_demo/Info.plist;
				LD_RUNPATH_SEARCH_PATHS = "$(inherited) @executable_path/Frameworks";
				PRODUCT_BUNDLE_IDENTIFIER = "com.ecproductions.Flix-demo";
				PRODUCT_NAME = "$(TARGET_NAME)";
				SWIFT_VERSION = 4.0;
				TARGETED_DEVICE_FAMILY = "1,2";
			};
			name = Debug;
		};
		F7CC40E51FF440E000C5B8A3 /* Release */ = {
			isa = XCBuildConfiguration;
			baseConfigurationReference = 2FC1F79EDFBA225202DBC93E /* Pods-Flix_demo.release.xcconfig */;
			buildSettings = {
				ASSETCATALOG_COMPILER_APPICON_NAME = AppIcon;
				CODE_SIGN_STYLE = Automatic;
				INFOPLIST_FILE = Flix_demo/Info.plist;
				LD_RUNPATH_SEARCH_PATHS = "$(inherited) @executable_path/Frameworks";
				PRODUCT_BUNDLE_IDENTIFIER = "com.ecproductions.Flix-demo";
				PRODUCT_NAME = "$(TARGET_NAME)";
				SWIFT_VERSION = 4.0;
				TARGETED_DEVICE_FAMILY = "1,2";
			};
			name = Release;
		};
/* End XCBuildConfiguration section */

/* Begin XCConfigurationList section */
		F7CC40CC1FF440E000C5B8A3 /* Build configuration list for PBXProject "Flix_demo" */ = {
			isa = XCConfigurationList;
			buildConfigurations = (
				F7CC40E11FF440E000C5B8A3 /* Debug */,
				F7CC40E21FF440E000C5B8A3 /* Release */,
			);
			defaultConfigurationIsVisible = 0;
			defaultConfigurationName = Release;
		};
		F7CC40E31FF440E000C5B8A3 /* Build configuration list for PBXNativeTarget "Flix_demo" */ = {
			isa = XCConfigurationList;
			buildConfigurations = (
				F7CC40E41FF440E000C5B8A3 /* Debug */,
				F7CC40E51FF440E000C5B8A3 /* Release */,
			);
			defaultConfigurationIsVisible = 0;
			defaultConfigurationName = Release;
		};
/* End XCConfigurationList section */
	};
	rootObject = F7CC40C91FF440E000C5B8A3 /* Project object */;
}
